
Microsoft Visual Studio Solution File, Format Version 12.00
# Visual Studio 15
VisualStudioVersion = 15.0.28307.438
MinimumVisualStudioVersion = 10.0.40219.1
Project("{8BC9CEB8-8B4A-11D0-8D11-00A0C91BC942}") = "DataRegion", "DataRegion\DataRegion.vcxproj", "{6A300DED-1C53-446C-AFC7-B661BF471E77}"
EndProject
Project("{2150E333-8FDC-42A3-9474-1A3956D46DE8}") = "Solution Items", "Solution Items", "{43755CCD-6746-4312-9327-F1B4F64606A5}"
	ProjectSection(SolutionItems) = preProject
		LICENSE.txt = LICENSE.txt
		README.md = README.md
	EndProjectSection
EndProject
Global
	GlobalSection(SolutionConfigurationPlatforms) = preSolution
		Debug|x64 = Debug|x64
		Debug|x86 = Debug|x86
		Release|x64 = Release|x64
		Release|x86 = Release|x86
	EndGlobalSection
	GlobalSection(ProjectConfigurationPlatforms) = postSolution
		{6A300DED-1C53-446C-AFC7-B661BF471E77}.Debug|x64.ActiveCfg = Debug|x64
		{6A300DED-1C53-446C-AFC7-B661BF471E77}.Debug|x64.Build.0 = Debug|x64
		{6A300DED-1C53-446C-AFC7-B661BF471E77}.Debug|x86.ActiveCfg = Debug|Win32
		{6A300DED-1C53-446C-AFC7-B661BF471E77}.Debug|x86.Build.0 = Debug|Win32
		{6A300DED-1C53-446C-AFC7-B661BF471E77}.Release|x64.ActiveCfg = Release|x64
		{6A300DED-1C53-446C-AFC7-B661BF471E77}.Release|x64.Build.0 = Release|x64
		{6A300DED-1C53-446C-AFC7-B661BF471E77}.Release|x86.ActiveCfg = Release|Win32
		{6A300DED-1C53-446C-AFC7-B661BF471E77}.Release|x86.Build.0 = Release|Win32
	EndGlobalSection
	GlobalSection(SolutionProperties) = preSolution
		HideSolutionNode = FALSE
	EndGlobalSection
	GlobalSection(ExtensibilityGlobals) = postSolution
		SolutionGuid = {0B674035-6CAB-4B63-A1BF-76FC59DDFF3D}
	EndGlobalSection
EndGlobal
